
Microsoft Visual Studio Solution File, Format Version 12.00
# Visual Studio 2012
Project("{2857B73E-F847-4B02-9238-064979017E93}") = "MatrixMPI", "MatrixMPI\MatrixMPI.cproj", "{10140873-9E4A-4469-8D19-A85BEEE7CD09}"
EndProject
Global
	GlobalSection(SolutionConfigurationPlatforms) = preSolution
		Debug|Any CPU = Debug|Any CPU
		Release|Any CPU = Release|Any CPU
	EndGlobalSection
	GlobalSection(ProjectConfigurationPlatforms) = postSolution
		{10140873-9E4A-4469-8D19-A85BEEE7CD09}.Debug|Any CPU.ActiveCfg = Debug|Any CPU
		{10140873-9E4A-4469-8D19-A85BEEE7CD09}.Debug|Any CPU.Build.0 = Debug|Any CPU
		{10140873-9E4A-4469-8D19-A85BEEE7CD09}.Release|Any CPU.ActiveCfg = Release|Any CPU
		{10140873-9E4A-4469-8D19-A85BEEE7CD09}.Release|Any CPU.Build.0 = Release|Any CPU
	EndGlobalSection
EndGlobal
